// !$*UTF8*$!
{
	archiveVersion = 1;
	classes = {
	};
	objectVersion = 51;
	objects = {

/* Begin PBXBuildFile section */
		5006CFA222B0E9CF002A43BC /* AppDelegate.m in Sources */ = {isa = PBXBuildFile; fileRef = 5006CFA122B0E9CF002A43BC /* AppDelegate.m */; };
		5006CFA522B0E9CF002A43BC /* ViewController.m in Sources */ = {isa = PBXBuildFile; fileRef = 5006CFA422B0E9CF002A43BC /* ViewController.m */; };
		5006CFA822B0E9CF002A43BC /* Main.storyboard in Resources */ = {isa = PBXBuildFile; fileRef = 5006CFA622B0E9CF002A43BC /* Main.storyboard */; };
		5006CFAA22B0E9D0002A43BC /* Assets.xcassets in Resources */ = {isa = PBXBuildFile; fileRef = 5006CFA922B0E9D0002A43BC /* Assets.xcassets */; };
		5006CFAD22B0E9D0002A43BC /* LaunchScreen.storyboard in Resources */ = {isa = PBXBuildFile; fileRef = 5006CFAB22B0E9D0002A43BC /* LaunchScreen.storyboard */; };
		5006CFB022B0E9D0002A43BC /* main.m in Sources */ = {isa = PBXBuildFile; fileRef = 5006CFAF22B0E9D0002A43BC /* main.m */; };
		5006CFC522B0EA6B002A43BC /* HHRotateView.m in Sources */ = {isa = PBXBuildFile; fileRef = 5006CFBD22B0EA6B002A43BC /* HHRotateView.m */; };
		5006CFC622B0EA6B002A43BC /* HHRotateViewCell.m in Sources */ = {isa = PBXBuildFile; fileRef = 5006CFBF22B0EA6B002A43BC /* HHRotateViewCell.m */; };
		5006CFC722B0EA6B002A43BC /* HHSupplementViewLayout.m in Sources */ = {isa = PBXBuildFile; fileRef = 5006CFC222B0EA6B002A43BC /* HHSupplementViewLayout.m */; };
		5006CFE122B117CD002A43BC /* HHRotateViewNormal.m in Sources */ = {isa = PBXBuildFile; fileRef = 5006CFE022B117CD002A43BC /* HHRotateViewNormal.m */; };
		A3BFE75BE063794ECAD85D23 /* Pods_HHRotateViewDemo.framework in Frameworks */ = {isa = PBXBuildFile; fileRef = 3D29D0EBD324C22B686FB397 /* Pods_HHRotateViewDemo.framework */; };
		FE2E61E8286AD12200228627 /* HHSupplymentView.m in Sources */ = {isa = PBXBuildFile; fileRef = FE2E61E7286AD12200228627 /* HHSupplymentView.m */; };
/* End PBXBuildFile section */

/* Begin PBXFileReference section */
		3D29D0EBD324C22B686FB397 /* Pods_HHRotateViewDemo.framework */ = {isa = PBXFileReference; explicitFileType = wrapper.framework; includeInIndex = 0; path = Pods_HHRotateViewDemo.framework; sourceTree = BUILT_PRODUCTS_DIR; };
		5006CF9D22B0E9CF002A43BC /* HHRotateViewDemo.app */ = {isa = PBXFileReference; explicitFileType = wrapper.application; includeInIndex = 0; path = HHRotateViewDemo.app; sourceTree = BUILT_PRODUCTS_DIR; };
		5006CFA022B0E9CF002A43BC /* AppDelegate.h */ = {isa = PBXFileReference; lastKnownFileType = sourcecode.c.h; path = AppDelegate.h; sourceTree = "<group>"; };
		5006CFA122B0E9CF002A43BC /* AppDelegate.m */ = {isa = PBXFileReference; lastKnownFileType = sourcecode.c.objc; path = AppDelegate.m; sourceTree = "<group>"; };
		5006CFA322B0E9CF002A43BC /* ViewController.h */ = {isa = PBXFileReference; lastKnownFileType = sourcecode.c.h; path = ViewController.h; sourceTree = "<group>"; };
		5006CFA422B0E9CF002A43BC /* ViewController.m */ = {isa = PBXFileReference; lastKnownFileType = sourcecode.c.objc; path = ViewController.m; sourceTree = "<group>"; };
		5006CFA722B0E9CF002A43BC /* Base */ = {isa = PBXFileReference; lastKnownFileType = file.storyboard; name = Base; path = Base.lproj/Main.storyboard; sourceTree = "<group>"; };
		5006CFA922B0E9D0002A43BC /* Assets.xcassets */ = {isa = PBXFileReference; lastKnownFileType = folder.assetcatalog; path = Assets.xcassets; sourceTree = "<group>"; };
		5006CFAC22B0E9D0002A43BC /* Base */ = {isa = PBXFileReference; lastKnownFileType = file.storyboard; name = Base; path = Base.lproj/LaunchScreen.storyboard; sourceTree = "<group>"; };
		5006CFAE22B0E9D0002A43BC /* Info.plist */ = {isa = PBXFileReference; lastKnownFileType = text.plist.xml; path = Info.plist; sourceTree = "<group>"; };
		5006CFAF22B0E9D0002A43BC /* main.m */ = {isa = PBXFileReference; lastKnownFileType = sourcecode.c.objc; path = main.m; sourceTree = "<group>"; };
		5006CFBC22B0EA6B002A43BC /* HHRotateView.h */ = {isa = PBXFileReference; fileEncoding = 4; lastKnownFileType = sourcecode.c.h; path = HHRotateView.h; sourceTree = "<group>"; };
		5006CFBD22B0EA6B002A43BC /* HHRotateView.m */ = {isa = PBXFileReference; fileEncoding = 4; lastKnownFileType = sourcecode.c.objc; path = HHRotateView.m; sourceTree = "<group>"; };
		5006CFBE22B0EA6B002A43BC /* HHRotateViewCell.h */ = {isa = PBXFileReference; fileEncoding = 4; lastKnownFileType = sourcecode.c.h; path = HHRotateViewCell.h; sourceTree = "<group>"; };
		5006CFBF22B0EA6B002A43BC /* HHRotateViewCell.m */ = {isa = PBXFileReference; fileEncoding = 4; lastKnownFileType = sourcecode.c.objc; path = HHRotateViewCell.m; sourceTree = "<group>"; };
		5006CFC122B0EA6B002A43BC /* HHSupplementViewLayout.h */ = {isa = PBXFileReference; fileEncoding = 4; lastKnownFileType = sourcecode.c.h; path = HHSupplementViewLayout.h; sourceTree = "<group>"; };
		5006CFC222B0EA6B002A43BC /* HHSupplementViewLayout.m */ = {isa = PBXFileReference; fileEncoding = 4; lastKnownFileType = sourcecode.c.objc; path = HHSupplementViewLayout.m; sourceTree = "<group>"; };
		5006CFDF22B117CC002A43BC /* HHRotateViewNormal.h */ = {isa = PBXFileReference; fileEncoding = 4; lastKnownFileType = sourcecode.c.h; path = HHRotateViewNormal.h; sourceTree = "<group>"; };
		5006CFE022B117CD002A43BC /* HHRotateViewNormal.m */ = {isa = PBXFileReference; fileEncoding = 4; lastKnownFileType = sourcecode.c.objc; path = HHRotateViewNormal.m; sourceTree = "<group>"; };
		DAA25337AF714ED73D5C7485 /* Pods-HHRotateViewDemo.release.xcconfig */ = {isa = PBXFileReference; includeInIndex = 1; lastKnownFileType = text.xcconfig; name = "Pods-HHRotateViewDemo.release.xcconfig"; path = "Target Support Files/Pods-HHRotateViewDemo/Pods-HHRotateViewDemo.release.xcconfig"; sourceTree = "<group>"; };
		F29E08F0C79AA0AB663BF80F /* Pods-HHRotateViewDemo.debug.xcconfig */ = {isa = PBXFileReference; includeInIndex = 1; lastKnownFileType = text.xcconfig; name = "Pods-HHRotateViewDemo.debug.xcconfig"; path = "Target Support Files/Pods-HHRotateViewDemo/Pods-HHRotateViewDemo.debug.xcconfig"; sourceTree = "<group>"; };
		FE2E61E6286AD12200228627 /* HHSupplymentView.h */ = {isa = PBXFileReference; fileEncoding = 4; lastKnownFileType = sourcecode.c.h; path = HHSupplymentView.h; sourceTree = "<group>"; };
		FE2E61E7286AD12200228627 /* HHSupplymentView.m */ = {isa = PBXFileReference; fileEncoding = 4; lastKnownFileType = sourcecode.c.objc; path = HHSupplymentView.m; sourceTree = "<group>"; };
/* End PBXFileReference section */

/* Begin PBXFrameworksBuildPhase section */
		5006CF9A22B0E9CF002A43BC /* Frameworks */ = {
			isa = PBXFrameworksBuildPhase;
			buildActionMask = 2147483647;
			files = (
				A3BFE75BE063794ECAD85D23 /* Pods_HHRotateViewDemo.framework in Frameworks */,
			);
			runOnlyForDeploymentPostprocessing = 0;
		};
/* End PBXFrameworksBuildPhase section */

/* Begin PBXGroup section */
		5006CF9422B0E9CF002A43BC = {
			isa = PBXGroup;
			children = (
				5006CFB822B0EA11002A43BC /* HHRotateView */,
				5006CF9F22B0E9CF002A43BC /* HHRotateViewDemo */,
				5006CF9E22B0E9CF002A43BC /* Products */,
				AF7FCAACB0BB4FFE356D4981 /* Pods */,
				61F495AFAB8F8C3C3D2A76D0 /* Frameworks */,
			);
			sourceTree = "<group>";
		};
		5006CF9E22B0E9CF002A43BC /* Products */ = {
			isa = PBXGroup;
			children = (
				5006CF9D22B0E9CF002A43BC /* HHRotateViewDemo.app */,
			);
			name = Products;
			sourceTree = "<group>";
		};
		5006CF9F22B0E9CF002A43BC /* HHRotateViewDemo */ = {
			isa = PBXGroup;
			children = (
				5006CFA022B0E9CF002A43BC /* AppDelegate.h */,
				5006CFA122B0E9CF002A43BC /* AppDelegate.m */,
				5006CFA322B0E9CF002A43BC /* ViewController.h */,
				5006CFA422B0E9CF002A43BC /* ViewController.m */,
				5006CFDF22B117CC002A43BC /* HHRotateViewNormal.h */,
				5006CFE022B117CD002A43BC /* HHRotateViewNormal.m */,
				5006CFA622B0E9CF002A43BC /* Main.storyboard */,
				5006CFA922B0E9D0002A43BC /* Assets.xcassets */,
				5006CFAB22B0E9D0002A43BC /* LaunchScreen.storyboard */,
				5006CFAE22B0E9D0002A43BC /* Info.plist */,
				5006CFAF22B0E9D0002A43BC /* main.m */,
			);
			path = HHRotateViewDemo;
			sourceTree = "<group>";
		};
		5006CFB822B0EA11002A43BC /* HHRotateView */ = {
			isa = PBXGroup;
			children = (
				5006CFBC22B0EA6B002A43BC /* HHRotateView.h */,
				5006CFBD22B0EA6B002A43BC /* HHRotateView.m */,
				5006CFBE22B0EA6B002A43BC /* HHRotateViewCell.h */,
				5006CFBF22B0EA6B002A43BC /* HHRotateViewCell.m */,
				FE2E61E6286AD12200228627 /* HHSupplymentView.h */,
				FE2E61E7286AD12200228627 /* HHSupplymentView.m */,
				5006CFC122B0EA6B002A43BC /* HHSupplementViewLayout.h */,
				5006CFC222B0EA6B002A43BC /* HHSupplementViewLayout.m */,
			);
			path = HHRotateView;
			sourceTree = "<group>";
		};
		61F495AFAB8F8C3C3D2A76D0 /* Frameworks */ = {
			isa = PBXGroup;
			children = (
				3D29D0EBD324C22B686FB397 /* Pods_HHRotateViewDemo.framework */,
			);
			name = Frameworks;
			sourceTree = "<group>";
		};
		AF7FCAACB0BB4FFE356D4981 /* Pods */ = {
			isa = PBXGroup;
			children = (
				F29E08F0C79AA0AB663BF80F /* Pods-HHRotateViewDemo.debug.xcconfig */,
				DAA25337AF714ED73D5C7485 /* Pods-HHRotateViewDemo.release.xcconfig */,
			);
			path = Pods;
			sourceTree = "<group>";
		};
/* End PBXGroup section */

/* Begin PBXNativeTarget section */
		5006CF9C22B0E9CF002A43BC /* HHRotateViewDemo */ = {
			isa = PBXNativeTarget;
			buildConfigurationList = 5006CFB322B0E9D0002A43BC /* Build configuration list for PBXNativeTarget "HHRotateViewDemo" */;
			buildPhases = (
				BCA49EEE10D137731E029AA8 /* [CP] Check Pods Manifest.lock */,
				5006CF9922B0E9CF002A43BC /* Sources */,
				5006CF9A22B0E9CF002A43BC /* Frameworks */,
				5006CF9B22B0E9CF002A43BC /* Resources */,
				573FEC93952CBB500EBFAA2C /* [CP] Embed Pods Frameworks */,
			);
			buildRules = (
			);
			dependencies = (
			);
			name = HHRotateViewDemo;
			productName = HHRotateViewDemo;
			productReference = 5006CF9D22B0E9CF002A43BC /* HHRotateViewDemo.app */;
			productType = "com.apple.product-type.application";
		};
/* End PBXNativeTarget section */

/* Begin PBXProject section */
		5006CF9522B0E9CF002A43BC /* Project object */ = {
			isa = PBXProject;
			attributes = {
				LastUpgradeCheck = 1330;
				ORGANIZATIONNAME = "豫风";
				TargetAttributes = {
					5006CF9C22B0E9CF002A43BC = {
						CreatedOnToolsVersion = 10.2.1;
					};
				};
			};
			buildConfigurationList = 5006CF9822B0E9CF002A43BC /* Build configuration list for PBXProject "HHRotateViewDemo" */;
			compatibilityVersion = "Xcode 9.3";
			developmentRegion = en;
			hasScannedForEncodings = 0;
			knownRegions = (
				en,
				Base,
			);
			mainGroup = 5006CF9422B0E9CF002A43BC;
			productRefGroup = 5006CF9E22B0E9CF002A43BC /* Products */;
			projectDirPath = "";
			projectRoot = "";
			targets = (
				5006CF9C22B0E9CF002A43BC /* HHRotateViewDemo */,
			);
		};
/* End PBXProject section */

/* Begin PBXResourcesBuildPhase section */
		5006CF9B22B0E9CF002A43BC /* Resources */ = {
			isa = PBXResourcesBuildPhase;
			buildActionMask = 2147483647;
			files = (
				5006CFAD22B0E9D0002A43BC /* LaunchScreen.storyboard in Resources */,
				5006CFAA22B0E9D0002A43BC /* Assets.xcassets in Resources */,
				5006CFA822B0E9CF002A43BC /* Main.storyboard in Resources */,
			);
			runOnlyForDeploymentPostprocessing = 0;
		};
/* End PBXResourcesBuildPhase section */

/* Begin PBXShellScriptBuildPhase section */
		573FEC93952CBB500EBFAA2C /* [CP] Embed Pods Frameworks */ = {
			isa = PBXShellScriptBuildPhase;
			buildActionMask = 2147483647;
			files = (
			);
			inputFileListPaths = (
				"${PODS_ROOT}/Target Support Files/Pods-HHRotateViewDemo/Pods-HHRotateViewDemo-frameworks-${CONFIGURATION}-input-files.xcfilelist",
			);
			name = "[CP] Embed Pods Frameworks";
			outputFileListPaths = (
				"${PODS_ROOT}/Target Support Files/Pods-HHRotateViewDemo/Pods-HHRotateViewDemo-frameworks-${CONFIGURATION}-output-files.xcfilelist",
			);
			runOnlyForDeploymentPostprocessing = 0;
			shellPath = /bin/sh;
			shellScript = "\"${PODS_ROOT}/Target Support Files/Pods-HHRotateViewDemo/Pods-HHRotateViewDemo-frameworks.sh\"\n";
			showEnvVarsInLog = 0;
		};
		BCA49EEE10D137731E029AA8 /* [CP] Check Pods Manifest.lock */ = {
			isa = PBXShellScriptBuildPhase;
			buildActionMask = 2147483647;
			files = (
			);
			inputFileListPaths = (
			);
			inputPaths = (
				"${PODS_PODFILE_DIR_PATH}/Podfile.lock",
				"${PODS_ROOT}/Manifest.lock",
			);
			name = "[CP] Check Pods Manifest.lock";
			outputFileListPaths = (
			);
			outputPaths = (
				"$(DERIVED_FILE_DIR)/Pods-HHRotateViewDemo-checkManifestLockResult.txt",
			);
			runOnlyForDeploymentPostprocessing = 0;
			shellPath = /bin/sh;
			shellScript = "diff \"${PODS_PODFILE_DIR_PATH}/Podfile.lock\" \"${PODS_ROOT}/Manifest.lock\" > /dev/null\nif [ $? != 0 ] ; then\n    # print error to STDERR\n    echo \"error: The sandbox is not in sync with the Podfile.lock. Run 'pod install' or update your CocoaPods installation.\" >&2\n    exit 1\nfi\n# This output is used by Xcode 'outputs' to avoid re-running this script phase.\necho \"SUCCESS\" > \"${SCRIPT_OUTPUT_FILE_0}\"\n";
			showEnvVarsInLog = 0;
		};
/* End PBXShellScriptBuildPhase section */

/* Begin PBXSourcesBuildPhase section */
		5006CF9922B0E9CF002A43BC /* Sources */ = {
			isa = PBXSourcesBuildPhase;
			buildActionMask = 2147483647;
			files = (
				5006CFA522B0E9CF002A43BC /* ViewController.m in Sources */,
				FE2E61E8286AD12200228627 /* HHSupplymentView.m in Sources */,
				5006CFC722B0EA6B002A43BC /* HHSupplementViewLayout.m in Sources */,
				5006CFC522B0EA6B002A43BC /* HHRotateView.m in Sources */,
				5006CFE122B117CD002A43BC /* HHRotateViewNormal.m in Sources */,
				5006CFB022B0E9D0002A43BC /* main.m in Sources */,
				5006CFA222B0E9CF002A43BC /* AppDelegate.m in Sources */,
				5006CFC622B0EA6B002A43BC /* HHRotateViewCell.m in Sources */,
			);
			runOnlyForDeploymentPostprocessing = 0;
		};
/* End PBXSourcesBuildPhase section */

/* Begin PBXVariantGroup section */
		5006CFA622B0E9CF002A43BC /* Main.storyboard */ = {
			isa = PBXVariantGroup;
			children = (
				5006CFA722B0E9CF002A43BC /* Base */,
			);
			name = Main.storyboard;
			sourceTree = "<group>";
		};
		5006CFAB22B0E9D0002A43BC /* LaunchScreen.storyboard */ = {
			isa = PBXVariantGroup;
			children = (
				5006CFAC22B0E9D0002A43BC /* Base */,
			);
			name = LaunchScreen.storyboard;
			sourceTree = "<group>";
		};
/* End PBXVariantGroup section */

/* Begin XCBuildConfiguration section */
		5006CFB122B0E9D0002A43BC /* Debug */ = {
			isa = XCBuildConfiguration;
			buildSettings = {
				ALWAYS_SEARCH_USER_PATHS = NO;
				CLANG_ANALYZER_NONNULL = YES;
				CLANG_ANALYZER_NUMBER_OBJECT_CONVERSION = YES_AGGRESSIVE;
				CLANG_CXX_LANGUAGE_STANDARD = "gnu++14";
				CLANG_CXX_LIBRARY = "libc++";
				CLANG_ENABLE_MODULES = YES;
				CLANG_ENABLE_OBJC_ARC = YES;
				CLANG_ENABLE_OBJC_WEAK = YES;
				CLANG_WARN_BLOCK_CAPTURE_AUTORELEASING = YES;
				CLANG_WARN_BOOL_CONVERSION = YES;
				CLANG_WARN_COMMA = YES;
				CLANG_WARN_CONSTANT_CONVERSION = YES;
				CLANG_WARN_DEPRECATED_OBJC_IMPLEMENTATIONS = YES;
				CLANG_WARN_DIRECT_OBJC_ISA_USAGE = YES_ERROR;
				CLANG_WARN_DOCUMENTATION_COMMENTS = YES;
				CLANG_WARN_EMPTY_BODY = YES;
				CLANG_WARN_ENUM_CONVERSION = YES;
				CLANG_WARN_INFINITE_RECURSION = YES;
				CLANG_WARN_INT_CONVERSION = YES;
				CLANG_WARN_NON_LITERAL_NULL_CONVERSION = YES;
				CLANG_WARN_OBJC_IMPLICIT_RETAIN_SELF = YES;
				CLANG_WARN_OBJC_LITERAL_CONVERSION = YES;
				CLANG_WARN_OBJC_ROOT_CLASS = YES_ERROR;
				CLANG_WARN_QUOTED_INCLUDE_IN_FRAMEWORK_HEADER = YES;
				CLANG_WARN_RANGE_LOOP_ANALYSIS = YES;
				CLANG_WARN_STRICT_PROTOTYPES = YES;
				CLANG_WARN_SUSPICIOUS_MOVE = YES;
				CLANG_WARN_UNGUARDED_AVAILABILITY = YES_AGGRESSIVE;
				CLANG_WARN_UNREACHABLE_CODE = YES;
				CLANG_WARN__DUPLICATE_METHOD_MATCH = YES;
				CODE_SIGN_IDENTITY = "iPhone Developer";
				COPY_PHASE_STRIP = NO;
				DEBUG_INFORMATION_FORMAT = dwarf;
				ENABLE_STRICT_OBJC_MSGSEND = YES;
				ENABLE_TESTABILITY = YES;
				GCC_C_LANGUAGE_STANDARD = gnu11;
				GCC_DYNAMIC_NO_PIC = NO;
				GCC_NO_COMMON_BLOCKS = YES;
				GCC_OPTIMIZATION_LEVEL = 0;
				GCC_PREPROCESSOR_DEFINITIONS = (
					"DEBUG=1",
					"$(inherited)",
				);
				GCC_WARN_64_TO_32_BIT_CONVERSION = YES;
				GCC_WARN_ABOUT_RETURN_TYPE = YES_ERROR;
				GCC_WARN_UNDECLARED_SELECTOR = YES;
				GCC_WARN_UNINITIALIZED_AUTOS = YES_AGGRESSIVE;
				GCC_WARN_UNUSED_FUNCTION = YES;
				GCC_WARN_UNUSED_VARIABLE = YES;
				IPHONEOS_DEPLOYMENT_TARGET = 12.2;
				MTL_ENABLE_DEBUG_INFO = INCLUDE_SOURCE;
				MTL_FAST_MATH = YES;
				ONLY_ACTIVE_ARCH = YES;
				SDKROOT = iphoneos;
			};
			name = Debug;
		};
		5006CFB222B0E9D0002A43BC /* Release */ = {
			isa = XCBuildConfiguration;
			buildSettings = {
				ALWAYS_SEARCH_USER_PATHS = NO;
				CLANG_ANALYZER_NONNULL = YES;
				CLANG_ANALYZER_NUMBER_OBJECT_CONVERSION = YES_AGGRESSIVE;
				CLANG_CXX_LANGUAGE_STANDARD = "gnu++14";
				CLANG_CXX_LIBRARY = "libc++";
				CLANG_ENABLE_MODULES = YES;
				CLANG_ENABLE_OBJC_ARC = YES;
				CLANG_ENABLE_OBJC_WEAK = YES;
				CLANG_WARN_BLOCK_CAPTURE_AUTORELEASING = YES;
				CLANG_WARN_BOOL_CONVERSION = YES;
				CLANG_WARN_COMMA = YES;
				CLANG_WARN_CONSTANT_CONVERSION = YES;
				CLANG_WARN_DEPRECATED_OBJC_IMPLEMENTATIONS = YES;
				CLANG_WARN_DIRECT_OBJC_ISA_USAGE = YES_ERROR;
				CLANG_WARN_DOCUMENTATION_COMMENTS = YES;
				CLANG_WARN_EMPTY_BODY = YES;
				CLANG_WARN_ENUM_CONVERSION = YES;
				CLANG_WARN_INFINITE_RECURSION = YES;
				CLANG_WARN_INT_CONVERSION = YES;
				CLANG_WARN_NON_LITERAL_NULL_CONVERSION = YES;
				CLANG_WARN_OBJC_IMPLICIT_RETAIN_SELF = YES;
				CLANG_WARN_OBJC_LITERAL_CONVERSION = YES;
				CLANG_WARN_OBJC_ROOT_CLASS = YES_ERROR;
				CLANG_WARN_QUOTED_INCLUDE_IN_FRAMEWORK_HEADER = YES;
				CLANG_WARN_RANGE_LOOP_ANALYSIS = YES;
				CLANG_WARN_STRICT_PROTOTYPES = YES;
				CLANG_WARN_SUSPICIOUS_MOVE = YES;
				CLANG_WARN_UNGUARDED_AVAILABILITY = YES_AGGRESSIVE;
				CLANG_WARN_UNREACHABLE_CODE = YES;
				CLANG_WARN__DUPLICATE_METHOD_MATCH = YES;
				CODE_SIGN_IDENTITY = "iPhone Developer";
				COPY_PHASE_STRIP = NO;
				DEBUG_INFORMATION_FORMAT = "dwarf-with-dsym";
				ENABLE_NS_ASSERTIONS = NO;
				ENABLE_STRICT_OBJC_MSGSEND = YES;
				GCC_C_LANGUAGE_STANDARD = gnu11;
				GCC_NO_COMMON_BLOCKS = YES;
				GCC_WARN_64_TO_32_BIT_CONVERSION = YES;
				GCC_WARN_ABOUT_RETURN_TYPE = YES_ERROR;
				GCC_WARN_UNDECLARED_SELECTOR = YES;
				GCC_WARN_UNINITIALIZED_AUTOS = YES_AGGRESSIVE;
				GCC_WARN_UNUSED_FUNCTION = YES;
				GCC_WARN_UNUSED_VARIABLE = YES;
				IPHONEOS_DEPLOYMENT_TARGET = 12.2;
				MTL_ENABLE_DEBUG_INFO = NO;
				MTL_FAST_MATH = YES;
				SDKROOT = iphoneos;
				VALIDATE_PRODUCT = YES;
			};
			name = Release;
		};
		5006CFB422B0E9D0002A43BC /* Debug */ = {
			isa = XCBuildConfiguration;
			baseConfigurationReference = F29E08F0C79AA0AB663BF80F /* Pods-HHRotateViewDemo.debug.xcconfig */;
			buildSettings = {
				ASSETCATALOG_COMPILER_APPICON_NAME = AppIcon;
				CODE_SIGN_STYLE = Automatic;
				DEVELOPMENT_TEAM = Q9D8889WQL;
				INFOPLIST_FILE = HHRotateViewDemo/Info.plist;
				IPHONEOS_DEPLOYMENT_TARGET = 10.0;
				LD_RUNPATH_SEARCH_PATHS = (
					"$(inherited)",
					"@executable_path/Frameworks",
				);
				PRODUCT_BUNDLE_IDENTIFIER = com.dangdang.HHRotateViewDemo;
				PRODUCT_NAME = "$(TARGET_NAME)";
				TARGETED_DEVICE_FAMILY = "1,2";
			};
			name = Debug;
		};
		5006CFB522B0E9D0002A43BC /* Release */ = {
			isa = XCBuildConfiguration;
			baseConfigurationReference = DAA25337AF714ED73D5C7485 /* Pods-HHRotateViewDemo.release.xcconfig */;
			buildSettings = {
				ASSETCATALOG_COMPILER_APPICON_NAME = AppIcon;
				CODE_SIGN_STYLE = Automatic;
				DEVELOPMENT_TEAM = Q9D8889WQL;
				INFOPLIST_FILE = HHRotateViewDemo/Info.plist;
				IPHONEOS_DEPLOYMENT_TARGET = 10.0;
				LD_RUNPATH_SEARCH_PATHS = (
					"$(inherited)",
					"@executable_path/Frameworks",
				);
				PRODUCT_BUNDLE_IDENTIFIER = com.dangdang.HHRotateViewDemo;
				PRODUCT_NAME = "$(TARGET_NAME)";
				TARGETED_DEVICE_FAMILY = "1,2";
			};
			name = Release;
		};
/* End XCBuildConfiguration section */

/* Begin XCConfigurationList section */
		5006CF9822B0E9CF002A43BC /* Build configuration list for PBXProject "HHRotateViewDemo" */ = {
			isa = XCConfigurationList;
			buildConfigurations = (
				5006CFB122B0E9D0002A43BC /* Debug */,
				5006CFB222B0E9D0002A43BC /* Release */,
			);
			defaultConfigurationIsVisible = 0;
			defaultConfigurationName = Release;
		};
		5006CFB322B0E9D0002A43BC /* Build configuration list for PBXNativeTarget "HHRotateViewDemo" */ = {
			isa = XCConfigurationList;
			buildConfigurations = (
				5006CFB422B0E9D0002A43BC /* Debug */,
				5006CFB522B0E9D0002A43BC /* Release */,
			);
			defaultConfigurationIsVisible = 0;
			defaultConfigurationName = Release;
		};
/* End XCConfigurationList section */
	};
	rootObject = 5006CF9522B0E9CF002A43BC /* Project object */;
}
